
Microsoft Visual Studio Solution File, Format Version 12.00
# Visual Studio Version 17
VisualStudioVersion = 17.14.36301.6 d17.14
MinimumVisualStudioVersion = 10.0.40219.1
Project("{FAE04EC0-301F-11D3-BF4B-00C04F79EFBC}") = "lec11", "lec11\lec11.csproj", "{67E2168B-9182-4862-9584-49813FE1A175}"
EndProject
Global
	GlobalSection(SolutionConfigurationPlatforms) = preSolution
		Debug|Any CPU = Debug|Any CPU
		Release|Any CPU = Release|Any CPU
	EndGlobalSection
	GlobalSection(ProjectConfigurationPlatforms) = postSolution
		{67E2168B-9182-4862-9584-49813FE1A175}.Debug|Any CPU.ActiveCfg = Debug|Any CPU
		{67E2168B-9182-4862-9584-49813FE1A175}.Debug|Any CPU.Build.0 = Debug|Any CPU
		{67E2168B-9182-4862-9584-49813FE1A175}.Release|Any CPU.ActiveCfg = Release|Any CPU
		{67E2168B-9182-4862-9584-49813FE1A175}.Release|Any CPU.Build.0 = Release|Any CPU
	EndGlobalSection
	GlobalSection(SolutionProperties) = preSolution
		HideSolutionNode = FALSE
	EndGlobalSection
	GlobalSection(ExtensibilityGlobals) = postSolution
		SolutionGuid = {8F2431BD-449F-404C-A82E-1E67523E2353}
	EndGlobalSection
EndGlobal
